{
    "name": "node-rtsp-streaming-server",
    "lockfileVersion": 2,
    "requires": true,
    "packages": {
        "": {
            "dependencies": {
                "naive-emitter": "^0.0.1",
                "rtsp-server": "^1.2.2"
            }
        },
        "node_modules/core-util-is": {
            "version": "1.0.3",
            "resolved": "https://registry.npmjs.org/core-util-is/-/core-util-is-1.0.3.tgz",
            "integrity": "sha512-ZQBvi1DcpJ4GDqanjucZ2Hj3wEO5pZDS89BWbkcrvdxksJorwUDDZamX9ldFkp9aw2lmBDLgkObEA4DWNJ9FYQ=="
        },
        "node_modules/debug": {
            "version": "2.6.9",
            "resolved": "https://registry.npmjs.org/debug/-/debug-2.6.9.tgz",
            "integrity": "sha512-bC7ElrdJaJnPbAP+1EotYvqZsb3ecl5wi6Bfi6BJTUcNowp6cvspg0jXznRTKDjm/E7AdgFBVeAPVMNcKGsHMA==",
            "dependencies": {
                "ms": "2.0.0"
            }
        },
        "node_modules/http-headers": {
            "version": "1.2.0",
            "resolved": "https://registry.npmjs.org/http-headers/-/http-headers-1.2.0.tgz",
            "integrity": "sha512-lq69vecfO11znUJjDlUR/eZZrc3zw2SggUmc1E+eu4Tw5nqcIkncS1V2d5tXJYpOlPeZaZ7LqoAyG6OU3+zEQw==",
            "dependencies": {
                "next-line": "^1.0.0",
                "strip-lines": "^1.0.1"
            }
        },
        "node_modules/inherits": {
            "version": "2.0.4",
            "resolved": "https://registry.npmjs.org/inherits/-/inherits-2.0.4.tgz",
            "integrity": "sha512-k/vGaX4/Yla3WzyMCvTQOXYeIHvqOKtnqBduzTHpzpQZzAskKMhZ2K+EnBiSM9zGSoIFeMpXKxa4dYeZIQqewQ=="
        },
        "node_modules/isarray": {
            "version": "1.0.0",
            "resolved": "https://registry.npmjs.org/isarray/-/isarray-1.0.0.tgz",
            "integrity": "sha512-VLghIWNM6ELQzo7zwmcg0NmTVyWKYjvIeM83yjp0wRDTmUnrM678fQbcKBo6n2CJEF0szoG//ytg+TKla89ALQ=="
        },
        "node_modules/ms": {
            "version": "2.0.0",
            "resolved": "https://registry.npmjs.org/ms/-/ms-2.0.0.tgz",
            "integrity": "sha512-Tpp60P6IUJDTuOq/5Z8cdskzJujfwqfOTkrwIwj7IRISpnkJnT6SyJ4PCPnGMoFjC9ddhal5KVIYtAt97ix05A=="
        },
        "node_modules/naive-emitter": {
            "version": "0.0.1",
            "resolved": "https://registry.npmjs.org/naive-emitter/-/naive-emitter-0.0.1.tgz",
            "integrity": "sha512-tlVSPWqQ0Irhl6mR2/12k+WjJignGaN8YNTP3PkjToR7OZ8IpIoeb1FpWWuF8i+/VcIMZDZRYR2shrOtd8Mjfg=="
        },
        "node_modules/next-line": {
            "version": "1.1.0",
            "resolved": "https://registry.npmjs.org/next-line/-/next-line-1.1.0.tgz",
            "integrity": "sha512-+I10J3wKNoKddNxn0CNpoZ3eTZuqxjNM3b1GImVx22+ePI+Y15P8g/j3WsbP0fhzzrFzrtjOAoq5NCCucswXOQ=="
        },
        "node_modules/process-nextick-args": {
            "version": "2.0.1",
            "resolved": "https://registry.npmjs.org/process-nextick-args/-/process-nextick-args-2.0.1.tgz",
            "integrity": "sha512-3ouUOpQhtgrbOa17J7+uxOTpITYWaGP7/AhoR3+A+/1e9skrzelGi/dXzEYyvbxubEF6Wn2ypscTKiKJFFn1ag=="
        },
        "node_modules/readable-stream": {
            "version": "2.3.7",
            "resolved": "https://registry.npmjs.org/readable-stream/-/readable-stream-2.3.7.tgz",
            "integrity": "sha512-Ebho8K4jIbHAxnuxi7o42OrZgF/ZTNcsZj6nRKyUmkhLFq8CHItp/fy6hQZuZmP/n3yZ9VBUbp4zz/mX8hmYPw==",
            "dependencies": {
                "core-util-is": "~1.0.0",
                "inherits": "~2.0.3",
                "isarray": "~1.0.0",
                "process-nextick-args": "~2.0.0",
                "safe-buffer": "~5.1.1",
                "string_decoder": "~1.1.1",
                "util-deprecate": "~1.0.1"
            }
        },
        "node_modules/rtsp-server": {
            "version": "1.2.2",
            "resolved": "https://registry.npmjs.org/rtsp-server/-/rtsp-server-1.2.2.tgz",
            "integrity": "sha512-Y1aorAW0p0yY4O0AfmUY0f7+m8YLrppfkUl/tBacucQMSNPacHzoOJzGKoIcJswuBdgfaxVhLfZATZnLKiRdBg==",
            "dependencies": {
                "debug": "^2.2.0",
                "rtsp-stream": "^1.0.0"
            }
        },
        "node_modules/rtsp-stream": {
            "version": "1.0.0",
            "resolved": "https://registry.npmjs.org/rtsp-stream/-/rtsp-stream-1.0.0.tgz",
            "integrity": "sha512-DtGPu7wVW9v/6yFcnl0RdXhY/AjMEYOSF15pyUVS2dE25rjxemKyPgzIi6PpnTn6dJ/m9Z9nkpw+cv8IqFWIZw==",
            "dependencies": {
                "debug": "^2.2.0",
                "http-headers": "^1.2.0",
                "next-line": "^1.1.0",
                "readable-stream": "^2.0.2"
            }
        },
        "node_modules/safe-buffer": {
            "version": "5.1.2",
            "resolved": "https://registry.npmjs.org/safe-buffer/-/safe-buffer-5.1.2.tgz",
            "integrity": "sha512-Gd2UZBJDkXlY7GbJxfsE8/nvKkUEU1G38c1siN6QP6a9PT9MmHB8GnpscSmMJSoF8LOIrt8ud/wPtojys4G6+g=="
        },
        "node_modules/string_decoder": {
            "version": "1.1.1",
            "resolved": "https://registry.npmjs.org/string_decoder/-/string_decoder-1.1.1.tgz",
            "integrity": "sha512-n/ShnvDi6FHbbVfviro+WojiFzv+s8MPMHBczVePfUpDJLwoLT0ht1l4YwBCbi8pJAveEEdnkHyPyTP/mzRfwg==",
            "dependencies": {
                "safe-buffer": "~5.1.0"
            }
        },
        "node_modules/strip-lines": {
            "version": "1.0.1",
            "resolved": "https://registry.npmjs.org/strip-lines/-/strip-lines-1.0.1.tgz",
            "integrity": "sha512-I8HFqPlyDLC4vJwJLSxRKS8ZNz/KZxdcy96cpgKIWHJPkW+TKu6VAGm+Od2NJep0DMCScdBAQBV5JOj/rZFBfA=="
        },
        "node_modules/util-deprecate": {
            "version": "1.0.2",
            "resolved": "https://registry.npmjs.org/util-deprecate/-/util-deprecate-1.0.2.tgz",
            "integrity": "sha512-EPD5q1uXyFxJpCrLnCc1nHnq3gOa6DZBocAIiI2TaSCA7VCJ1UJDMagCzIkXNsUYfD1daK//LTEQ8xiIbrHtcw=="
        }
    },
    "dependencies": {
        "core-util-is": {
            "version": "1.0.3",
            "resolved": "https://registry.npmjs.org/core-util-is/-/core-util-is-1.0.3.tgz",
            "integrity": "sha512-ZQBvi1DcpJ4GDqanjucZ2Hj3wEO5pZDS89BWbkcrvdxksJorwUDDZamX9ldFkp9aw2lmBDLgkObEA4DWNJ9FYQ=="
        },
        "debug": {
            "version": "2.6.9",
            "resolved": "https://registry.npmjs.org/debug/-/debug-2.6.9.tgz",
            "integrity": "sha512-bC7ElrdJaJnPbAP+1EotYvqZsb3ecl5wi6Bfi6BJTUcNowp6cvspg0jXznRTKDjm/E7AdgFBVeAPVMNcKGsHMA==",
            "requires": {
                "ms": "2.0.0"
            }
        },
        "http-headers": {
            "version": "1.2.0",
            "resolved": "https://registry.npmjs.org/http-headers/-/http-headers-1.2.0.tgz",
            "integrity": "sha512-lq69vecfO11znUJjDlUR/eZZrc3zw2SggUmc1E+eu4Tw5nqcIkncS1V2d5tXJYpOlPeZaZ7LqoAyG6OU3+zEQw==",
            "requires": {
                "next-line": "^1.0.0",
                "strip-lines": "^1.0.1"
            }
        },
        "inherits": {
            "version": "2.0.4",
            "resolved": "https://registry.npmjs.org/inherits/-/inherits-2.0.4.tgz",
            "integrity": "sha512-k/vGaX4/Yla3WzyMCvTQOXYeIHvqOKtnqBduzTHpzpQZzAskKMhZ2K+EnBiSM9zGSoIFeMpXKxa4dYeZIQqewQ=="
        },
        "isarray": {
            "version": "1.0.0",
            "resolved": "https://registry.npmjs.org/isarray/-/isarray-1.0.0.tgz",
            "integrity": "sha512-VLghIWNM6ELQzo7zwmcg0NmTVyWKYjvIeM83yjp0wRDTmUnrM678fQbcKBo6n2CJEF0szoG//ytg+TKla89ALQ=="
        },
        "ms": {
            "version": "2.0.0",
            "resolved": "https://registry.npmjs.org/ms/-/ms-2.0.0.tgz",
            "integrity": "sha512-Tpp60P6IUJDTuOq/5Z8cdskzJujfwqfOTkrwIwj7IRISpnkJnT6SyJ4PCPnGMoFjC9ddhal5KVIYtAt97ix05A=="
        },
        "naive-emitter": {
            "version": "0.0.1",
            "resolved": "https://registry.npmjs.org/naive-emitter/-/naive-emitter-0.0.1.tgz",
            "integrity": "sha512-tlVSPWqQ0Irhl6mR2/12k+WjJignGaN8YNTP3PkjToR7OZ8IpIoeb1FpWWuF8i+/VcIMZDZRYR2shrOtd8Mjfg=="
        },
        "next-line": {
            "version": "1.1.0",
            "resolved": "https://registry.npmjs.org/next-line/-/next-line-1.1.0.tgz",
            "integrity": "sha512-+I10J3wKNoKddNxn0CNpoZ3eTZuqxjNM3b1GImVx22+ePI+Y15P8g/j3WsbP0fhzzrFzrtjOAoq5NCCucswXOQ=="
        },
        "process-nextick-args": {
            "version": "2.0.1",
            "resolved": "https://registry.npmjs.org/process-nextick-args/-/process-nextick-args-2.0.1.tgz",
            "integrity": "sha512-3ouUOpQhtgrbOa17J7+uxOTpITYWaGP7/AhoR3+A+/1e9skrzelGi/dXzEYyvbxubEF6Wn2ypscTKiKJFFn1ag=="
        },
        "readable-stream": {
            "version": "2.3.7",
            "resolved": "https://registry.npmjs.org/readable-stream/-/readable-stream-2.3.7.tgz",
            "integrity": "sha512-Ebho8K4jIbHAxnuxi7o42OrZgF/ZTNcsZj6nRKyUmkhLFq8CHItp/fy6hQZuZmP/n3yZ9VBUbp4zz/mX8hmYPw==",
            "requires": {
                "core-util-is": "~1.0.0",
                "inherits": "~2.0.3",
                "isarray": "~1.0.0",
                "process-nextick-args": "~2.0.0",
                "safe-buffer": "~5.1.1",
                "string_decoder": "~1.1.1",
                "util-deprecate": "~1.0.1"
            }
        },
        "rtsp-server": {
            "version": "1.2.2",
            "resolved": "https://registry.npmjs.org/rtsp-server/-/rtsp-server-1.2.2.tgz",
            "integrity": "sha512-Y1aorAW0p0yY4O0AfmUY0f7+m8YLrppfkUl/tBacucQMSNPacHzoOJzGKoIcJswuBdgfaxVhLfZATZnLKiRdBg==",
            "requires": {
                "debug": "^2.2.0",
                "rtsp-stream": "^1.0.0"
            }
        },
        "rtsp-stream": {
            "version": "1.0.0",
            "resolved": "https://registry.npmjs.org/rtsp-stream/-/rtsp-stream-1.0.0.tgz",
            "integrity": "sha512-DtGPu7wVW9v/6yFcnl0RdXhY/AjMEYOSF15pyUVS2dE25rjxemKyPgzIi6PpnTn6dJ/m9Z9nkpw+cv8IqFWIZw==",
            "requires": {
                "debug": "^2.2.0",
                "http-headers": "^1.2.0",
                "next-line": "^1.1.0",
                "readable-stream": "^2.0.2"
            }
        },
        "safe-buffer": {
            "version": "5.1.2",
            "resolved": "https://registry.npmjs.org/safe-buffer/-/safe-buffer-5.1.2.tgz",
            "integrity": "sha512-Gd2UZBJDkXlY7GbJxfsE8/nvKkUEU1G38c1siN6QP6a9PT9MmHB8GnpscSmMJSoF8LOIrt8ud/wPtojys4G6+g=="
        },
        "string_decoder": {
            "version": "1.1.1",
            "resolved": "https://registry.npmjs.org/string_decoder/-/string_decoder-1.1.1.tgz",
            "integrity": "sha512-n/ShnvDi6FHbbVfviro+WojiFzv+s8MPMHBczVePfUpDJLwoLT0ht1l4YwBCbi8pJAveEEdnkHyPyTP/mzRfwg==",
            "requires": {
                "safe-buffer": "~5.1.0"
            }
        },
        "strip-lines": {
            "version": "1.0.1",
            "resolved": "https://registry.npmjs.org/strip-lines/-/strip-lines-1.0.1.tgz",
            "integrity": "sha512-I8HFqPlyDLC4vJwJLSxRKS8ZNz/KZxdcy96cpgKIWHJPkW+TKu6VAGm+Od2NJep0DMCScdBAQBV5JOj/rZFBfA=="
        },
        "util-deprecate": {
            "version": "1.0.2",
            "resolved": "https://registry.npmjs.org/util-deprecate/-/util-deprecate-1.0.2.tgz",
            "integrity": "sha512-EPD5q1uXyFxJpCrLnCc1nHnq3gOa6DZBocAIiI2TaSCA7VCJ1UJDMagCzIkXNsUYfD1daK//LTEQ8xiIbrHtcw=="
        }
    }
}
